
Microsoft Visual Studio Solution File, Format Version 12.00
# Visual Studio Version 16
VisualStudioVersion = 16.0.30320.27
MinimumVisualStudioVersion = 10.0.40219.1
Project("{FAE04EC0-301F-11D3-BF4B-00C04F79EFBC}") = "CsharpExamples", "CsharpExamples.csproj", "{B1787777-DB61-4290-9F25-C64C43DE215C}"
EndProject
Global
	GlobalSection(SolutionConfigurationPlatforms) = preSolution
		Debug|Any CPU = Debug|Any CPU
		Release|Any CPU = Release|Any CPU
	EndGlobalSection
	GlobalSection(ProjectConfigurationPlatforms) = postSolution
		{B1787777-DB61-4290-9F25-C64C43DE215C}.Debug|Any CPU.ActiveCfg = Debug|Any CPU
		{B1787777-DB61-4290-9F25-C64C43DE215C}.Debug|Any CPU.Build.0 = Debug|Any CPU
		{B1787777-DB61-4290-9F25-C64C43DE215C}.Release|Any CPU.ActiveCfg = Release|Any CPU
		{B1787777-DB61-4290-9F25-C64C43DE215C}.Release|Any CPU.Build.0 = Release|Any CPU
	EndGlobalSection
	GlobalSection(SolutionProperties) = preSolution
		HideSolutionNode = FALSE
	EndGlobalSection
	GlobalSection(ExtensibilityGlobals) = postSolution
		SolutionGuid = {D6A27AF8-1DD1-43C2-B5D7-1D62CAB2DC50}
	EndGlobalSection
EndGlobal
